
Microsoft Visual Studio Solution File, Format Version 12.00
# Visual Studio Version 17
VisualStudioVersion = 17.14.36908.2 d17.14
MinimumVisualStudioVersion = 10.0.40219.1
Project("{FAE04EC0-301F-11D3-BF4B-00C04F79EFBC}") = "Zad1", "Zad1\Zad1.csproj", "{92503D2C-40CC-4701-A0D6-57B6DE880A87}"
EndProject
Global
	GlobalSection(SolutionConfigurationPlatforms) = preSolution
		Debug|Any CPU = Debug|Any CPU
		Release|Any CPU = Release|Any CPU
	EndGlobalSection
	GlobalSection(ProjectConfigurationPlatforms) = postSolution
		{92503D2C-40CC-4701-A0D6-57B6DE880A87}.Debug|Any CPU.ActiveCfg = Debug|Any CPU
		{92503D2C-40CC-4701-A0D6-57B6DE880A87}.Debug|Any CPU.Build.0 = Debug|Any CPU
		{92503D2C-40CC-4701-A0D6-57B6DE880A87}.Release|Any CPU.ActiveCfg = Release|Any CPU
		{92503D2C-40CC-4701-A0D6-57B6DE880A87}.Release|Any CPU.Build.0 = Release|Any CPU
	EndGlobalSection
	GlobalSection(SolutionProperties) = preSolution
		HideSolutionNode = FALSE
	EndGlobalSection
	GlobalSection(ExtensibilityGlobals) = postSolution
		SolutionGuid = {2352E986-5B7D-4AE5-8EC6-A57C3D988B08}
	EndGlobalSection
EndGlobal
